
Microsoft Visual Studio Solution File, Format Version 12.00
# Visual Studio Version 16
VisualStudioVersion = 16.0.30523.141
MinimumVisualStudioVersion = 10.0.40219.1
Project("{8BC9CEB8-8B4A-11D0-8D11-00A0C91BC942}") = "lab6.1.2", "lab6.1.2.vcxproj", "{B44A4533-5BAB-445E-AF9D-59121D57A767}"
EndProject
Global
	GlobalSection(SolutionConfigurationPlatforms) = preSolution
		Debug|x64 = Debug|x64
		Debug|x86 = Debug|x86
		Release|x64 = Release|x64
		Release|x86 = Release|x86
	EndGlobalSection
	GlobalSection(ProjectConfigurationPlatforms) = postSolution
		{B44A4533-5BAB-445E-AF9D-59121D57A767}.Debug|x64.ActiveCfg = Debug|x64
		{B44A4533-5BAB-445E-AF9D-59121D57A767}.Debug|x64.Build.0 = Debug|x64
		{B44A4533-5BAB-445E-AF9D-59121D57A767}.Debug|x86.ActiveCfg = Debug|Win32
		{B44A4533-5BAB-445E-AF9D-59121D57A767}.Debug|x86.Build.0 = Debug|Win32
		{B44A4533-5BAB-445E-AF9D-59121D57A767}.Release|x64.ActiveCfg = Release|x64
		{B44A4533-5BAB-445E-AF9D-59121D57A767}.Release|x64.Build.0 = Release|x64
		{B44A4533-5BAB-445E-AF9D-59121D57A767}.Release|x86.ActiveCfg = Release|Win32
		{B44A4533-5BAB-445E-AF9D-59121D57A767}.Release|x86.Build.0 = Release|Win32
	EndGlobalSection
	GlobalSection(SolutionProperties) = preSolution
		HideSolutionNode = FALSE
	EndGlobalSection
	GlobalSection(ExtensibilityGlobals) = postSolution
		SolutionGuid = {6760396A-163A-4C37-9753-DC68B12EDCE1}
	EndGlobalSection
EndGlobal
